// !$*UTF8*$!
{
	archiveVersion = 1;
	classes = {
	};
	objectVersion = 55;
	objects = {

/* Begin PBXBuildFile section */
		6954AF9129266AF80054F27D /* UploadViewController.swift in Sources */ = {isa = PBXBuildFile; fileRef = 6954AF9029266AF80054F27D /* UploadViewController.swift */; };
		699125A02927CC5800630311 /* ProfileViewController.swift in Sources */ = {isa = PBXBuildFile; fileRef = 6991259F2927CC5800630311 /* ProfileViewController.swift */; };
		699125A22927D0B500630311 /* ProfileDataView.swift in Sources */ = {isa = PBXBuildFile; fileRef = 699125A12927D0B500630311 /* ProfileDataView.swift */; };
		699125A42927D5CB00630311 /* ProfileCollectionViewCell.swift in Sources */ = {isa = PBXBuildFile; fileRef = 699125A32927D5CB00630311 /* ProfileCollectionViewCell.swift */; };
		699E405B29509F0100AD539B /* FeedController.swift in Sources */ = {isa = PBXBuildFile; fileRef = 699E405A29509F0100AD539B /* FeedController.swift */; };
		69BC4DD729422BDC008B99B4 /* GetData.swift in Sources */ = {isa = PBXBuildFile; fileRef = 69BC4DD629422BDC008B99B4 /* GetData.swift */; };
		69BE58DF2940D5A600D0AB37 /* Kingfisher in Frameworks */ = {isa = PBXBuildFile; productRef = 69BE58DE2940D5A600D0AB37 /* Kingfisher */; };
		69EDFE9029438022007B536B /* ProfileData.swift in Sources */ = {isa = PBXBuildFile; fileRef = 69EDFE8F29438022007B536B /* ProfileData.swift */; };
		69EDFE9229439F36007B536B /* FeedScrollViewCell.swift in Sources */ = {isa = PBXBuildFile; fileRef = 69EDFE9129439F36007B536B /* FeedScrollViewCell.swift */; };
		69EEF759292519A000D5C700 /* AppDelegate.swift in Sources */ = {isa = PBXBuildFile; fileRef = 69EEF758292519A000D5C700 /* AppDelegate.swift */; };
		69EEF75B292519A000D5C700 /* SceneDelegate.swift in Sources */ = {isa = PBXBuildFile; fileRef = 69EEF75A292519A000D5C700 /* SceneDelegate.swift */; };
		69EEF75D292519A000D5C700 /* FeedViewController.swift in Sources */ = {isa = PBXBuildFile; fileRef = 69EEF75C292519A000D5C700 /* FeedViewController.swift */; };
		69EEF762292519A300D5C700 /* Assets.xcassets in Resources */ = {isa = PBXBuildFile; fileRef = 69EEF761292519A300D5C700 /* Assets.xcassets */; };
		69EEF765292519A300D5C700 /* LaunchScreen.storyboard in Resources */ = {isa = PBXBuildFile; fileRef = 69EEF763292519A300D5C700 /* LaunchScreen.storyboard */; };
		69EEF76E29251B8100D5C700 /* SnapKit in Frameworks */ = {isa = PBXBuildFile; productRef = 69EEF76D29251B8100D5C700 /* SnapKit */; };
		69EEF77029251CB300D5C700 /* TabBarController.swift in Sources */ = {isa = PBXBuildFile; fileRef = 69EEF76F29251CB300D5C700 /* TabBarController.swift */; };
		69EEF7732925238200D5C700 /* FeedTableViewCell.swift in Sources */ = {isa = PBXBuildFile; fileRef = 69EEF7722925238200D5C700 /* FeedTableViewCell.swift */; };
		69EEF77529252E8000D5C700 /* UIButton+.swift in Sources */ = {isa = PBXBuildFile; fileRef = 69EEF77429252E8000D5C700 /* UIButton+.swift */; };
/* End PBXBuildFile section */

/* Begin PBXFileReference section */
		6954AF9029266AF80054F27D /* UploadViewController.swift */ = {isa = PBXFileReference; lastKnownFileType = sourcecode.swift; path = UploadViewController.swift; sourceTree = "<group>"; };
		6991259F2927CC5800630311 /* ProfileViewController.swift */ = {isa = PBXFileReference; lastKnownFileType = sourcecode.swift; path = ProfileViewController.swift; sourceTree = "<group>"; };
		699125A12927D0B500630311 /* ProfileDataView.swift */ = {isa = PBXFileReference; lastKnownFileType = sourcecode.swift; path = ProfileDataView.swift; sourceTree = "<group>"; };
		699125A32927D5CB00630311 /* ProfileCollectionViewCell.swift */ = {isa = PBXFileReference; lastKnownFileType = sourcecode.swift; path = ProfileCollectionViewCell.swift; sourceTree = "<group>"; };
		699E405A29509F0100AD539B /* FeedController.swift */ = {isa = PBXFileReference; lastKnownFileType = sourcecode.swift; path = FeedController.swift; sourceTree = "<group>"; };
		69BC4DD629422BDC008B99B4 /* GetData.swift */ = {isa = PBXFileReference; lastKnownFileType = sourcecode.swift; path = GetData.swift; sourceTree = "<group>"; };
		69EDFE8F29438022007B536B /* ProfileData.swift */ = {isa = PBXFileReference; lastKnownFileType = sourcecode.swift; path = ProfileData.swift; sourceTree = "<group>"; };
		69EDFE9129439F36007B536B /* FeedScrollViewCell.swift */ = {isa = PBXFileReference; lastKnownFileType = sourcecode.swift; path = FeedScrollViewCell.swift; sourceTree = "<group>"; };
		69EEF755292519A000D5C700 /* Outsidestargram.app */ = {isa = PBXFileReference; explicitFileType = wrapper.application; includeInIndex = 0; path = Outsidestargram.app; sourceTree = BUILT_PRODUCTS_DIR; };
		69EEF758292519A000D5C700 /* AppDelegate.swift */ = {isa = PBXFileReference; lastKnownFileType = sourcecode.swift; path = AppDelegate.swift; sourceTree = "<group>"; };
		69EEF75A292519A000D5C700 /* SceneDelegate.swift */ = {isa = PBXFileReference; lastKnownFileType = sourcecode.swift; path = SceneDelegate.swift; sourceTree = "<group>"; };
		69EEF75C292519A000D5C700 /* FeedViewController.swift */ = {isa = PBXFileReference; lastKnownFileType = sourcecode.swift; path = FeedViewController.swift; sourceTree = "<group>"; };
		69EEF761292519A300D5C700 /* Assets.xcassets */ = {isa = PBXFileReference; lastKnownFileType = folder.assetcatalog; path = Assets.xcassets; sourceTree = "<group>"; };
		69EEF764292519A300D5C700 /* Base */ = {isa = PBXFileReference; lastKnownFileType = file.storyboard; name = Base; path = Base.lproj/LaunchScreen.storyboard; sourceTree = "<group>"; };
		69EEF766292519A300D5C700 /* Info.plist */ = {isa = PBXFileReference; lastKnownFileType = text.plist.xml; path = Info.plist; sourceTree = "<group>"; };
		69EEF76F29251CB300D5C700 /* TabBarController.swift */ = {isa = PBXFileReference; lastKnownFileType = sourcecode.swift; path = TabBarController.swift; sourceTree = "<group>"; };
		69EEF7722925238200D5C700 /* FeedTableViewCell.swift */ = {isa = PBXFileReference; lastKnownFileType = sourcecode.swift; path = FeedTableViewCell.swift; sourceTree = "<group>"; };
		69EEF77429252E8000D5C700 /* UIButton+.swift */ = {isa = PBXFileReference; lastKnownFileType = sourcecode.swift; path = "UIButton+.swift"; sourceTree = "<group>"; };
/* End PBXFileReference section */

/* Begin PBXFrameworksBuildPhase section */
		69EEF752292519A000D5C700 /* Frameworks */ = {
			isa = PBXFrameworksBuildPhase;
			buildActionMask = 2147483647;
			files = (
				69BE58DF2940D5A600D0AB37 /* Kingfisher in Frameworks */,
				69EEF76E29251B8100D5C700 /* SnapKit in Frameworks */,
			);
			runOnlyForDeploymentPostprocessing = 0;
		};
/* End PBXFrameworksBuildPhase section */

/* Begin PBXGroup section */
		6954AF8F29266AE10054F27D /* Feed */ = {
			isa = PBXGroup;
			children = (
				699E405A29509F0100AD539B /* FeedController.swift */,
				69EDFE9129439F36007B536B /* FeedScrollViewCell.swift */,
				69EEF75C292519A000D5C700 /* FeedViewController.swift */,
				69EEF7722925238200D5C700 /* FeedTableViewCell.swift */,
				6954AF9029266AF80054F27D /* UploadViewController.swift */,
			);
			path = Feed;
			sourceTree = "<group>";
		};
		6991259E2927CC4600630311 /* Profile */ = {
			isa = PBXGroup;
			children = (
				6991259F2927CC5800630311 /* ProfileViewController.swift */,
				699125A12927D0B500630311 /* ProfileDataView.swift */,
				699125A32927D5CB00630311 /* ProfileCollectionViewCell.swift */,
				69EDFE8F29438022007B536B /* ProfileData.swift */,
			);
			path = Profile;
			sourceTree = "<group>";
		};
		69EEF74C292519A000D5C700 = {
			isa = PBXGroup;
			children = (
				69EEF757292519A000D5C700 /* Outsidestargram */,
				69EEF756292519A000D5C700 /* Products */,
			);
			sourceTree = "<group>";
		};
		69EEF756292519A000D5C700 /* Products */ = {
			isa = PBXGroup;
			children = (
				69EEF755292519A000D5C700 /* Outsidestargram.app */,
			);
			name = Products;
			sourceTree = "<group>";
		};
		69EEF757292519A000D5C700 /* Outsidestargram */ = {
			isa = PBXGroup;
			children = (
				69EEF758292519A000D5C700 /* AppDelegate.swift */,
				69EEF75A292519A000D5C700 /* SceneDelegate.swift */,
				69EEF761292519A300D5C700 /* Assets.xcassets */,
				69EEF763292519A300D5C700 /* LaunchScreen.storyboard */,
				69EEF766292519A300D5C700 /* Info.plist */,
				69EEF77129251CBB00D5C700 /* Scenes */,
				69EEF77429252E8000D5C700 /* UIButton+.swift */,
			);
			path = Outsidestargram;
			sourceTree = "<group>";
		};
		69EEF77129251CBB00D5C700 /* Scenes */ = {
			isa = PBXGroup;
			children = (
				6991259E2927CC4600630311 /* Profile */,
				6954AF8F29266AE10054F27D /* Feed */,
				69EEF76F29251CB300D5C700 /* TabBarController.swift */,
				69BC4DD629422BDC008B99B4 /* GetData.swift */,
			);
			path = Scenes;
			sourceTree = "<group>";
		};
/* End PBXGroup section */

/* Begin PBXNativeTarget section */
		69EEF754292519A000D5C700 /* Outsidestargram */ = {
			isa = PBXNativeTarget;
			buildConfigurationList = 69EEF769292519A300D5C700 /* Build configuration list for PBXNativeTarget "Outsidestargram" */;
			buildPhases = (
				69EEF751292519A000D5C700 /* Sources */,
				69EEF752292519A000D5C700 /* Frameworks */,
				69EEF753292519A000D5C700 /* Resources */,
			);
			buildRules = (
			);
			dependencies = (
			);
			name = Outsidestargram;
			packageProductDependencies = (
				69EEF76D29251B8100D5C700 /* SnapKit */,
				69BE58DE2940D5A600D0AB37 /* Kingfisher */,
			);
			productName = Outsidestargram;
			productReference = 69EEF755292519A000D5C700 /* Outsidestargram.app */;
			productType = "com.apple.product-type.application";
		};
/* End PBXNativeTarget section */

/* Begin PBXProject section */
		69EEF74D292519A000D5C700 /* Project object */ = {
			isa = PBXProject;
			attributes = {
				BuildIndependentTargetsInParallel = 1;
				LastSwiftUpdateCheck = 1340;
				LastUpgradeCheck = 1340;
				TargetAttributes = {
					69EEF754292519A000D5C700 = {
						CreatedOnToolsVersion = 13.4.1;
					};
				};
			};
			buildConfigurationList = 69EEF750292519A000D5C700 /* Build configuration list for PBXProject "Outsidestargram" */;
			compatibilityVersion = "Xcode 13.0";
			developmentRegion = en;
			hasScannedForEncodings = 0;
			knownRegions = (
				en,
				Base,
			);
			mainGroup = 69EEF74C292519A000D5C700;
			packageReferences = (
				69EEF76C29251B8100D5C700 /* XCRemoteSwiftPackageReference "SnapKit" */,
				69BE58DD2940D5A600D0AB37 /* XCRemoteSwiftPackageReference "Kingfisher" */,
			);
			productRefGroup = 69EEF756292519A000D5C700 /* Products */;
			projectDirPath = "";
			projectRoot = "";
			targets = (
				69EEF754292519A000D5C700 /* Outsidestargram */,
			);
		};
/* End PBXProject section */

/* Begin PBXResourcesBuildPhase section */
		69EEF753292519A000D5C700 /* Resources */ = {
			isa = PBXResourcesBuildPhase;
			buildActionMask = 2147483647;
			files = (
				69EEF765292519A300D5C700 /* LaunchScreen.storyboard in Resources */,
				69EEF762292519A300D5C700 /* Assets.xcassets in Resources */,
			);
			runOnlyForDeploymentPostprocessing = 0;
		};
/* End PBXResourcesBuildPhase section */

/* Begin PBXSourcesBuildPhase section */
		69EEF751292519A000D5C700 /* Sources */ = {
			isa = PBXSourcesBuildPhase;
			buildActionMask = 2147483647;
			files = (
				69EEF75D292519A000D5C700 /* FeedViewController.swift in Sources */,
				6954AF9129266AF80054F27D /* UploadViewController.swift in Sources */,
				69EEF77529252E8000D5C700 /* UIButton+.swift in Sources */,
				69EEF77029251CB300D5C700 /* TabBarController.swift in Sources */,
				69EDFE9229439F36007B536B /* FeedScrollViewCell.swift in Sources */,
				699125A42927D5CB00630311 /* ProfileCollectionViewCell.swift in Sources */,
				69EEF759292519A000D5C700 /* AppDelegate.swift in Sources */,
				69EEF75B292519A000D5C700 /* SceneDelegate.swift in Sources */,
				699125A02927CC5800630311 /* ProfileViewController.swift in Sources */,
				69EEF7732925238200D5C700 /* FeedTableViewCell.swift in Sources */,
				69BC4DD729422BDC008B99B4 /* GetData.swift in Sources */,
				699125A22927D0B500630311 /* ProfileDataView.swift in Sources */,
				69EDFE9029438022007B536B /* ProfileData.swift in Sources */,
				699E405B29509F0100AD539B /* FeedController.swift in Sources */,
			);
			runOnlyForDeploymentPostprocessing = 0;
		};
/* End PBXSourcesBuildPhase section */

/* Begin PBXVariantGroup section */
		69EEF763292519A300D5C700 /* LaunchScreen.storyboard */ = {
			isa = PBXVariantGroup;
			children = (
				69EEF764292519A300D5C700 /* Base */,
			);
			name = LaunchScreen.storyboard;
			sourceTree = "<group>";
		};
/* End PBXVariantGroup section */

/* Begin XCBuildConfiguration section */
		69EEF767292519A300D5C700 /* Debug */ = {
			isa = XCBuildConfiguration;
			buildSettings = {
				ALWAYS_SEARCH_USER_PATHS = NO;
				CLANG_ANALYZER_NONNULL = YES;
				CLANG_ANALYZER_NUMBER_OBJECT_CONVERSION = YES_AGGRESSIVE;
				CLANG_CXX_LANGUAGE_STANDARD = "gnu++17";
				CLANG_ENABLE_MODULES = YES;
				CLANG_ENABLE_OBJC_ARC = YES;
				CLANG_ENABLE_OBJC_WEAK = YES;
				CLANG_WARN_BLOCK_CAPTURE_AUTORELEASING = YES;
				CLANG_WARN_BOOL_CONVERSION = YES;
				CLANG_WARN_COMMA = YES;
				CLANG_WARN_CONSTANT_CONVERSION = YES;
				CLANG_WARN_DEPRECATED_OBJC_IMPLEMENTATIONS = YES;
				CLANG_WARN_DIRECT_OBJC_ISA_USAGE = YES_ERROR;
				CLANG_WARN_DOCUMENTATION_COMMENTS = YES;
				CLANG_WARN_EMPTY_BODY = YES;
				CLANG_WARN_ENUM_CONVERSION = YES;
				CLANG_WARN_INFINITE_RECURSION = YES;
				CLANG_WARN_INT_CONVERSION = YES;
				CLANG_WARN_NON_LITERAL_NULL_CONVERSION = YES;
				CLANG_WARN_OBJC_IMPLICIT_RETAIN_SELF = YES;
				CLANG_WARN_OBJC_LITERAL_CONVERSION = YES;
				CLANG_WARN_OBJC_ROOT_CLASS = YES_ERROR;
				CLANG_WARN_QUOTED_INCLUDE_IN_FRAMEWORK_HEADER = YES;
				CLANG_WARN_RANGE_LOOP_ANALYSIS = YES;
				CLANG_WARN_STRICT_PROTOTYPES = YES;
				CLANG_WARN_SUSPICIOUS_MOVE = YES;
				CLANG_WARN_UNGUARDED_AVAILABILITY = YES_AGGRESSIVE;
				CLANG_WARN_UNREACHABLE_CODE = YES;
				CLANG_WARN__DUPLICATE_METHOD_MATCH = YES;
				COPY_PHASE_STRIP = NO;
				DEBUG_INFORMATION_FORMAT = dwarf;
				ENABLE_STRICT_OBJC_MSGSEND = YES;
				ENABLE_TESTABILITY = YES;
				GCC_C_LANGUAGE_STANDARD = gnu11;
				GCC_DYNAMIC_NO_PIC = NO;
				GCC_NO_COMMON_BLOCKS = YES;
				GCC_OPTIMIZATION_LEVEL = 0;
				GCC_PREPROCESSOR_DEFINITIONS = (
					"DEBUG=1",
					"$(inherited)",
				);
				GCC_WARN_64_TO_32_BIT_CONVERSION = YES;
				GCC_WARN_ABOUT_RETURN_TYPE = YES_ERROR;
				GCC_WARN_UNDECLARED_SELECTOR = YES;
				GCC_WARN_UNINITIALIZED_AUTOS = YES_AGGRESSIVE;
				GCC_WARN_UNUSED_FUNCTION = YES;
				GCC_WARN_UNUSED_VARIABLE = YES;
				IPHONEOS_DEPLOYMENT_TARGET = 15.5;
				MTL_ENABLE_DEBUG_INFO = INCLUDE_SOURCE;
				MTL_FAST_MATH = YES;
				ONLY_ACTIVE_ARCH = YES;
				SDKROOT = iphoneos;
				SWIFT_ACTIVE_COMPILATION_CONDITIONS = DEBUG;
				SWIFT_OPTIMIZATION_LEVEL = "-Onone";
			};
			name = Debug;
		};
		69EEF768292519A300D5C700 /* Release */ = {
			isa = XCBuildConfiguration;
			buildSettings = {
				ALWAYS_SEARCH_USER_PATHS = NO;
				CLANG_ANALYZER_NONNULL = YES;
				CLANG_ANALYZER_NUMBER_OBJECT_CONVERSION = YES_AGGRESSIVE;
				CLANG_CXX_LANGUAGE_STANDARD = "gnu++17";
				CLANG_ENABLE_MODULES = YES;
				CLANG_ENABLE_OBJC_ARC = YES;
				CLANG_ENABLE_OBJC_WEAK = YES;
				CLANG_WARN_BLOCK_CAPTURE_AUTORELEASING = YES;
				CLANG_WARN_BOOL_CONVERSION = YES;
				CLANG_WARN_COMMA = YES;
				CLANG_WARN_CONSTANT_CONVERSION = YES;
				CLANG_WARN_DEPRECATED_OBJC_IMPLEMENTATIONS = YES;
				CLANG_WARN_DIRECT_OBJC_ISA_USAGE = YES_ERROR;
				CLANG_WARN_DOCUMENTATION_COMMENTS = YES;
				CLANG_WARN_EMPTY_BODY = YES;
				CLANG_WARN_ENUM_CONVERSION = YES;
				CLANG_WARN_INFINITE_RECURSION = YES;
				CLANG_WARN_INT_CONVERSION = YES;
				CLANG_WARN_NON_LITERAL_NULL_CONVERSION = YES;
				CLANG_WARN_OBJC_IMPLICIT_RETAIN_SELF = YES;
				CLANG_WARN_OBJC_LITERAL_CONVERSION = YES;
				CLANG_WARN_OBJC_ROOT_CLASS = YES_ERROR;
				CLANG_WARN_QUOTED_INCLUDE_IN_FRAMEWORK_HEADER = YES;
				CLANG_WARN_RANGE_LOOP_ANALYSIS = YES;
				CLANG_WARN_STRICT_PROTOTYPES = YES;
				CLANG_WARN_SUSPICIOUS_MOVE = YES;
				CLANG_WARN_UNGUARDED_AVAILABILITY = YES_AGGRESSIVE;
				CLANG_WARN_UNREACHABLE_CODE = YES;
				CLANG_WARN__DUPLICATE_METHOD_MATCH = YES;
				COPY_PHASE_STRIP = NO;
				DEBUG_INFORMATION_FORMAT = "dwarf-with-dsym";
				ENABLE_NS_ASSERTIONS = NO;
				ENABLE_STRICT_OBJC_MSGSEND = YES;
				GCC_C_LANGUAGE_STANDARD = gnu11;
				GCC_NO_COMMON_BLOCKS = YES;
				GCC_WARN_64_TO_32_BIT_CONVERSION = YES;
				GCC_WARN_ABOUT_RETURN_TYPE = YES_ERROR;
				GCC_WARN_UNDECLARED_SELECTOR = YES;
				GCC_WARN_UNINITIALIZED_AUTOS = YES_AGGRESSIVE;
				GCC_WARN_UNUSED_FUNCTION = YES;
				GCC_WARN_UNUSED_VARIABLE = YES;
				IPHONEOS_DEPLOYMENT_TARGET = 15.5;
				MTL_ENABLE_DEBUG_INFO = NO;
				MTL_FAST_MATH = YES;
				SDKROOT = iphoneos;
				SWIFT_COMPILATION_MODE = wholemodule;
				SWIFT_OPTIMIZATION_LEVEL = "-O";
				VALIDATE_PRODUCT = YES;
			};
			name = Release;
		};
		69EEF76A292519A300D5C700 /* Debug */ = {
			isa = XCBuildConfiguration;
			buildSettings = {
				ASSETCATALOG_COMPILER_APPICON_NAME = AppIcon;
				ASSETCATALOG_COMPILER_GLOBAL_ACCENT_COLOR_NAME = AccentColor;
				CODE_SIGN_STYLE = Automatic;
				CURRENT_PROJECT_VERSION = 1;
				DEVELOPMENT_TEAM = 9UU9HXMP4Y;
				GENERATE_INFOPLIST_FILE = YES;
				INFOPLIST_FILE = Outsidestargram/Info.plist;
				INFOPLIST_KEY_UIApplicationSupportsIndirectInputEvents = YES;
				INFOPLIST_KEY_UILaunchStoryboardName = LaunchScreen;
				INFOPLIST_KEY_UISupportedInterfaceOrientations_iPad = "UIInterfaceOrientationPortrait UIInterfaceOrientationPortraitUpsideDown UIInterfaceOrientationLandscapeLeft UIInterfaceOrientationLandscapeRight";
				INFOPLIST_KEY_UISupportedInterfaceOrientations_iPhone = "UIInterfaceOrientationPortrait UIInterfaceOrientationLandscapeLeft UIInterfaceOrientationLandscapeRight";
				LD_RUNPATH_SEARCH_PATHS = (
					"$(inherited)",
					"@executable_path/Frameworks",
				);
				MARKETING_VERSION = 1.0;
				PRODUCT_BUNDLE_IDENTIFIER = com.Seongzzang.Outsidestargram;
				PRODUCT_NAME = "$(TARGET_NAME)";
				SWIFT_EMIT_LOC_STRINGS = YES;
				SWIFT_VERSION = 5.0;
				TARGETED_DEVICE_FAMILY = "1,2";
			};
			name = Debug;
		};
		69EEF76B292519A300D5C700 /* Release */ = {
			isa = XCBuildConfiguration;
			buildSettings = {
				ASSETCATALOG_COMPILER_APPICON_NAME = AppIcon;
				ASSETCATALOG_COMPILER_GLOBAL_ACCENT_COLOR_NAME = AccentColor;
				CODE_SIGN_STYLE = Automatic;
				CURRENT_PROJECT_VERSION = 1;
				DEVELOPMENT_TEAM = 9UU9HXMP4Y;
				GENERATE_INFOPLIST_FILE = YES;
				INFOPLIST_FILE = Outsidestargram/Info.plist;
				INFOPLIST_KEY_UIApplicationSupportsIndirectInputEvents = YES;
				INFOPLIST_KEY_UILaunchStoryboardName = LaunchScreen;
				INFOPLIST_KEY_UISupportedInterfaceOrientations_iPad = "UIInterfaceOrientationPortrait UIInterfaceOrientationPortraitUpsideDown UIInterfaceOrientationLandscapeLeft UIInterfaceOrientationLandscapeRight";
				INFOPLIST_KEY_UISupportedInterfaceOrientations_iPhone = "UIInterfaceOrientationPortrait UIInterfaceOrientationLandscapeLeft UIInterfaceOrientationLandscapeRight";
				LD_RUNPATH_SEARCH_PATHS = (
					"$(inherited)",
					"@executable_path/Frameworks",
				);
				MARKETING_VERSION = 1.0;
				PRODUCT_BUNDLE_IDENTIFIER = com.Seongzzang.Outsidestargram;
				PRODUCT_NAME = "$(TARGET_NAME)";
				SWIFT_EMIT_LOC_STRINGS = YES;
				SWIFT_VERSION = 5.0;
				TARGETED_DEVICE_FAMILY = "1,2";
			};
			name = Release;
		};
/* End XCBuildConfiguration section */

/* Begin XCConfigurationList section */
		69EEF750292519A000D5C700 /* Build configuration list for PBXProject "Outsidestargram" */ = {
			isa = XCConfigurationList;
			buildConfigurations = (
				69EEF767292519A300D5C700 /* Debug */,
				69EEF768292519A300D5C700 /* Release */,
			);
			defaultConfigurationIsVisible = 0;
			defaultConfigurationName = Release;
		};
		69EEF769292519A300D5C700 /* Build configuration list for PBXNativeTarget "Outsidestargram" */ = {
			isa = XCConfigurationList;
			buildConfigurations = (
				69EEF76A292519A300D5C700 /* Debug */,
				69EEF76B292519A300D5C700 /* Release */,
			);
			defaultConfigurationIsVisible = 0;
			defaultConfigurationName = Release;
		};
/* End XCConfigurationList section */

/* Begin XCRemoteSwiftPackageReference section */
		69BE58DD2940D5A600D0AB37 /* XCRemoteSwiftPackageReference "Kingfisher" */ = {
			isa = XCRemoteSwiftPackageReference;
			repositoryURL = "https://github.com/onevcat/Kingfisher.git";
			requirement = {
				branch = master;
				kind = branch;
			};
		};
		69EEF76C29251B8100D5C700 /* XCRemoteSwiftPackageReference "SnapKit" */ = {
			isa = XCRemoteSwiftPackageReference;
			repositoryURL = "https://github.com/SnapKit/SnapKit.git";
			requirement = {
				branch = develop;
				kind = branch;
			};
		};
/* End XCRemoteSwiftPackageReference section */

/* Begin XCSwiftPackageProductDependency section */
		69BE58DE2940D5A600D0AB37 /* Kingfisher */ = {
			isa = XCSwiftPackageProductDependency;
			package = 69BE58DD2940D5A600D0AB37 /* XCRemoteSwiftPackageReference "Kingfisher" */;
			productName = Kingfisher;
		};
		69EEF76D29251B8100D5C700 /* SnapKit */ = {
			isa = XCSwiftPackageProductDependency;
			package = 69EEF76C29251B8100D5C700 /* XCRemoteSwiftPackageReference "SnapKit" */;
			productName = SnapKit;
		};
/* End XCSwiftPackageProductDependency section */
	};
	rootObject = 69EEF74D292519A000D5C700 /* Project object */;
}
